
Microsoft Visual Studio Solution File, Format Version 12.00
# Visual Studio Version 17
VisualStudioVersion = 17.2.32616.157
MinimumVisualStudioVersion = 10.0.40219.1
Project("{9A19103F-16F7-4668-BE54-9A1E7A4F7556}") = "Shop.API", "Shop.API\Shop.API.csproj", "{1A74675F-CB5C-411B-97F2-907308F54C17}"
EndProject
Project("{FAE04EC0-301F-11D3-BF4B-00C04F79EFBC}") = "Core", "Core\Core.csproj", "{BACFC7DD-D327-49D8-910A-DF61A88C1EF9}"
EndProject
Project("{FAE04EC0-301F-11D3-BF4B-00C04F79EFBC}") = "Infrastructure", "Infrastructure\Infrastructure.csproj", "{BD75012A-A9F9-4E55-A5DF-F920C79CF400}"
EndProject
Global
	GlobalSection(SolutionConfigurationPlatforms) = preSolution
		Debug|Any CPU = Debug|Any CPU
		Release|Any CPU = Release|Any CPU
	EndGlobalSection
	GlobalSection(ProjectConfigurationPlatforms) = postSolution
		{1A74675F-CB5C-411B-97F2-907308F54C17}.Debug|Any CPU.ActiveCfg = Debug|Any CPU
		{1A74675F-CB5C-411B-97F2-907308F54C17}.Debug|Any CPU.Build.0 = Debug|Any CPU
		{1A74675F-CB5C-411B-97F2-907308F54C17}.Release|Any CPU.ActiveCfg = Release|Any CPU
		{1A74675F-CB5C-411B-97F2-907308F54C17}.Release|Any CPU.Build.0 = Release|Any CPU
		{BACFC7DD-D327-49D8-910A-DF61A88C1EF9}.Debug|Any CPU.ActiveCfg = Debug|Any CPU
		{BACFC7DD-D327-49D8-910A-DF61A88C1EF9}.Debug|Any CPU.Build.0 = Debug|Any CPU
		{BACFC7DD-D327-49D8-910A-DF61A88C1EF9}.Release|Any CPU.ActiveCfg = Release|Any CPU
		{BACFC7DD-D327-49D8-910A-DF61A88C1EF9}.Release|Any CPU.Build.0 = Release|Any CPU
		{BD75012A-A9F9-4E55-A5DF-F920C79CF400}.Debug|Any CPU.ActiveCfg = Debug|Any CPU
		{BD75012A-A9F9-4E55-A5DF-F920C79CF400}.Debug|Any CPU.Build.0 = Debug|Any CPU
		{BD75012A-A9F9-4E55-A5DF-F920C79CF400}.Release|Any CPU.ActiveCfg = Release|Any CPU
		{BD75012A-A9F9-4E55-A5DF-F920C79CF400}.Release|Any CPU.Build.0 = Release|Any CPU
	EndGlobalSection
	GlobalSection(SolutionProperties) = preSolution
		HideSolutionNode = FALSE
	EndGlobalSection
	GlobalSection(ExtensibilityGlobals) = postSolution
		SolutionGuid = {E3326A0B-EAED-4E85-9D30-141517980247}
	EndGlobalSection
EndGlobal
